// !$*UTF8*$!
{
	archiveVersion = 1;
	classes = {
	};
	objectVersion = 55;
	objects = {

/* Begin PBXBuildFile section */
		80B30CF5272F4C3800D94C4F /* TopPanelColor.swift in Sources */ = {isa = PBXBuildFile; fileRef = 80B30CF4272F4C3800D94C4F /* TopPanelColor.swift */; };
		80B30CF7272F4C7D00D94C4F /* ImageBG.swift in Sources */ = {isa = PBXBuildFile; fileRef = 80B30CF6272F4C7D00D94C4F /* ImageBG.swift */; };
		80B30CF9272F4CE000D94C4F /* BottomPanelColor.swift in Sources */ = {isa = PBXBuildFile; fileRef = 80B30CF8272F4CE000D94C4F /* BottomPanelColor.swift */; };
		80F380C1272868CD009954A9 /* CircleMenuApp.swift in Sources */ = {isa = PBXBuildFile; fileRef = 80F380C0272868CD009954A9 /* CircleMenuApp.swift */; };
		80F380C3272868CD009954A9 /* HomeView.swift in Sources */ = {isa = PBXBuildFile; fileRef = 80F380C2272868CD009954A9 /* HomeView.swift */; };
		80F380C5272868D0009954A9 /* Assets.xcassets in Resources */ = {isa = PBXBuildFile; fileRef = 80F380C4272868D0009954A9 /* Assets.xcassets */; };
		80F380C8272868D0009954A9 /* Preview Assets.xcassets in Resources */ = {isa = PBXBuildFile; fileRef = 80F380C7272868D0009954A9 /* Preview Assets.xcassets */; };
		80FB0EC4272B88B800A35BC7 /* PetalBackground.swift in Sources */ = {isa = PBXBuildFile; fileRef = 80FB0EC3272B88B800A35BC7 /* PetalBackground.swift */; };
		80FB0ECB272BB8A000A35BC7 /* FullPetal.swift in Sources */ = {isa = PBXBuildFile; fileRef = 80FB0ECA272BB8A000A35BC7 /* FullPetal.swift */; };
		80FB0ECD272C9B6F00A35BC7 /* Size.swift in Sources */ = {isa = PBXBuildFile; fileRef = 80FB0ECC272C9B6F00A35BC7 /* Size.swift */; };
		80FB0ED2272CB1F500A35BC7 /* PetalStroke.swift in Sources */ = {isa = PBXBuildFile; fileRef = 80FB0ED1272CB1F500A35BC7 /* PetalStroke.swift */; };
		80FB0ED4272D394700A35BC7 /* ButtonHandTap.swift in Sources */ = {isa = PBXBuildFile; fileRef = 80FB0ED3272D394700A35BC7 /* ButtonHandTap.swift */; };
		80FB0ED6272D418100A35BC7 /* PetalOO.swift in Sources */ = {isa = PBXBuildFile; fileRef = 80FB0ED5272D418000A35BC7 /* PetalOO.swift */; };
		80FB0ED8272D426E00A35BC7 /* ButtonPanel.swift in Sources */ = {isa = PBXBuildFile; fileRef = 80FB0ED7272D426E00A35BC7 /* ButtonPanel.swift */; };
		80FB0EDD272D4CA300A35BC7 /* PetalDO.swift in Sources */ = {isa = PBXBuildFile; fileRef = 80FB0EDC272D4CA300A35BC7 /* PetalDO.swift */; };
/* End PBXBuildFile section */

/* Begin PBXFileReference section */
		80B30CF4272F4C3800D94C4F /* TopPanelColor.swift */ = {isa = PBXFileReference; lastKnownFileType = sourcecode.swift; path = TopPanelColor.swift; sourceTree = "<group>"; };
		80B30CF6272F4C7D00D94C4F /* ImageBG.swift */ = {isa = PBXFileReference; lastKnownFileType = sourcecode.swift; path = ImageBG.swift; sourceTree = "<group>"; };
		80B30CF8272F4CE000D94C4F /* BottomPanelColor.swift */ = {isa = PBXFileReference; lastKnownFileType = sourcecode.swift; path = BottomPanelColor.swift; sourceTree = "<group>"; };
		80F380BD272868CD009954A9 /* CircleMenu.app */ = {isa = PBXFileReference; explicitFileType = wrapper.application; includeInIndex = 0; path = CircleMenu.app; sourceTree = BUILT_PRODUCTS_DIR; };
		80F380C0272868CD009954A9 /* CircleMenuApp.swift */ = {isa = PBXFileReference; lastKnownFileType = sourcecode.swift; path = CircleMenuApp.swift; sourceTree = "<group>"; };
		80F380C2272868CD009954A9 /* HomeView.swift */ = {isa = PBXFileReference; lastKnownFileType = sourcecode.swift; path = HomeView.swift; sourceTree = "<group>"; };
		80F380C4272868D0009954A9 /* Assets.xcassets */ = {isa = PBXFileReference; lastKnownFileType = folder.assetcatalog; path = Assets.xcassets; sourceTree = "<group>"; };
		80F380C7272868D0009954A9 /* Preview Assets.xcassets */ = {isa = PBXFileReference; lastKnownFileType = folder.assetcatalog; path = "Preview Assets.xcassets"; sourceTree = "<group>"; };
		80FB0EC3272B88B800A35BC7 /* PetalBackground.swift */ = {isa = PBXFileReference; lastKnownFileType = sourcecode.swift; path = PetalBackground.swift; sourceTree = "<group>"; };
		80FB0ECA272BB8A000A35BC7 /* FullPetal.swift */ = {isa = PBXFileReference; lastKnownFileType = sourcecode.swift; path = FullPetal.swift; sourceTree = "<group>"; };
		80FB0ECC272C9B6F00A35BC7 /* Size.swift */ = {isa = PBXFileReference; lastKnownFileType = sourcecode.swift; path = Size.swift; sourceTree = "<group>"; };
		80FB0ED1272CB1F500A35BC7 /* PetalStroke.swift */ = {isa = PBXFileReference; lastKnownFileType = sourcecode.swift; path = PetalStroke.swift; sourceTree = "<group>"; };
		80FB0ED3272D394700A35BC7 /* ButtonHandTap.swift */ = {isa = PBXFileReference; lastKnownFileType = sourcecode.swift; path = ButtonHandTap.swift; sourceTree = "<group>"; };
		80FB0ED5272D418000A35BC7 /* PetalOO.swift */ = {isa = PBXFileReference; lastKnownFileType = sourcecode.swift; path = PetalOO.swift; sourceTree = "<group>"; };
		80FB0ED7272D426E00A35BC7 /* ButtonPanel.swift */ = {isa = PBXFileReference; lastKnownFileType = sourcecode.swift; path = ButtonPanel.swift; sourceTree = "<group>"; };
		80FB0EDC272D4CA300A35BC7 /* PetalDO.swift */ = {isa = PBXFileReference; lastKnownFileType = sourcecode.swift; path = PetalDO.swift; sourceTree = "<group>"; };
/* End PBXFileReference section */

/* Begin PBXFrameworksBuildPhase section */
		80F380BA272868CD009954A9 /* Frameworks */ = {
			isa = PBXFrameworksBuildPhase;
			buildActionMask = 2147483647;
			files = (
			);
			runOnlyForDeploymentPostprocessing = 0;
		};
/* End PBXFrameworksBuildPhase section */

/* Begin PBXGroup section */
		80F380B4272868CD009954A9 = {
			isa = PBXGroup;
			children = (
				80F380BF272868CD009954A9 /* CircleMenu */,
				80F380BE272868CD009954A9 /* Products */,
			);
			sourceTree = "<group>";
		};
		80F380BE272868CD009954A9 /* Products */ = {
			isa = PBXGroup;
			children = (
				80F380BD272868CD009954A9 /* CircleMenu.app */,
			);
			name = Products;
			sourceTree = "<group>";
		};
		80F380BF272868CD009954A9 /* CircleMenu */ = {
			isa = PBXGroup;
			children = (
				80F380C0272868CD009954A9 /* CircleMenuApp.swift */,
				80FB0ED9272D4BF500A35BC7 /* Model */,
				80FB0ED0272CABB600A35BC7 /* ViewModel */,
				80FB0ECF272CAB6300A35BC7 /* View */,
				80FB0ECE272CAB4700A35BC7 /* Shape */,
				80F380C4272868D0009954A9 /* Assets.xcassets */,
				80F380C6272868D0009954A9 /* Preview Content */,
			);
			path = CircleMenu;
			sourceTree = "<group>";
		};
		80F380C6272868D0009954A9 /* Preview Content */ = {
			isa = PBXGroup;
			children = (
				80F380C7272868D0009954A9 /* Preview Assets.xcassets */,
			);
			path = "Preview Content";
			sourceTree = "<group>";
		};
		80FB0ECE272CAB4700A35BC7 /* Shape */ = {
			isa = PBXGroup;
			children = (
				80FB0EC3272B88B800A35BC7 /* PetalBackground.swift */,
				80FB0ED1272CB1F500A35BC7 /* PetalStroke.swift */,
			);
			path = Shape;
			sourceTree = "<group>";
		};
		80FB0ECF272CAB6300A35BC7 /* View */ = {
			isa = PBXGroup;
			children = (
				80F380C2272868CD009954A9 /* HomeView.swift */,
				80FB0ECA272BB8A000A35BC7 /* FullPetal.swift */,
				80FB0ED3272D394700A35BC7 /* ButtonHandTap.swift */,
				80FB0ED7272D426E00A35BC7 /* ButtonPanel.swift */,
				80B30CF4272F4C3800D94C4F /* TopPanelColor.swift */,
				80B30CF6272F4C7D00D94C4F /* ImageBG.swift */,
				80B30CF8272F4CE000D94C4F /* BottomPanelColor.swift */,
			);
			path = View;
			sourceTree = "<group>";
		};
		80FB0ED0272CABB600A35BC7 /* ViewModel */ = {
			isa = PBXGroup;
			children = (
				80FB0ED5272D418000A35BC7 /* PetalOO.swift */,
				80FB0ECC272C9B6F00A35BC7 /* Size.swift */,
			);
			path = ViewModel;
			sourceTree = "<group>";
		};
		80FB0ED9272D4BF500A35BC7 /* Model */ = {
			isa = PBXGroup;
			children = (
				80FB0EDC272D4CA300A35BC7 /* PetalDO.swift */,
			);
			path = Model;
			sourceTree = "<group>";
		};
/* End PBXGroup section */

/* Begin PBXNativeTarget section */
		80F380BC272868CD009954A9 /* CircleMenu */ = {
			isa = PBXNativeTarget;
			buildConfigurationList = 80F380CB272868D0009954A9 /* Build configuration list for PBXNativeTarget "CircleMenu" */;
			buildPhases = (
				80F380B9272868CD009954A9 /* Sources */,
				80F380BA272868CD009954A9 /* Frameworks */,
				80F380BB272868CD009954A9 /* Resources */,
			);
			buildRules = (
			);
			dependencies = (
			);
			name = CircleMenu;
			productName = CircleMenu;
			productReference = 80F380BD272868CD009954A9 /* CircleMenu.app */;
			productType = "com.apple.product-type.application";
		};
/* End PBXNativeTarget section */

/* Begin PBXProject section */
		80F380B5272868CD009954A9 /* Project object */ = {
			isa = PBXProject;
			attributes = {
				BuildIndependentTargetsInParallel = 1;
				LastSwiftUpdateCheck = 1310;
				LastUpgradeCheck = 1310;
				TargetAttributes = {
					80F380BC272868CD009954A9 = {
						CreatedOnToolsVersion = 13.1;
					};
				};
			};
			buildConfigurationList = 80F380B8272868CD009954A9 /* Build configuration list for PBXProject "CircleMenu" */;
			compatibilityVersion = "Xcode 13.0";
			developmentRegion = en;
			hasScannedForEncodings = 0;
			knownRegions = (
				en,
				Base,
			);
			mainGroup = 80F380B4272868CD009954A9;
			productRefGroup = 80F380BE272868CD009954A9 /* Products */;
			projectDirPath = "";
			projectRoot = "";
			targets = (
				80F380BC272868CD009954A9 /* CircleMenu */,
			);
		};
/* End PBXProject section */

/* Begin PBXResourcesBuildPhase section */
		80F380BB272868CD009954A9 /* Resources */ = {
			isa = PBXResourcesBuildPhase;
			buildActionMask = 2147483647;
			files = (
				80F380C8272868D0009954A9 /* Preview Assets.xcassets in Resources */,
				80F380C5272868D0009954A9 /* Assets.xcassets in Resources */,
			);
			runOnlyForDeploymentPostprocessing = 0;
		};
/* End PBXResourcesBuildPhase section */

/* Begin PBXSourcesBuildPhase section */
		80F380B9272868CD009954A9 /* Sources */ = {
			isa = PBXSourcesBuildPhase;
			buildActionMask = 2147483647;
			files = (
				80B30CF7272F4C7D00D94C4F /* ImageBG.swift in Sources */,
				80FB0ED2272CB1F500A35BC7 /* PetalStroke.swift in Sources */,
				80FB0ECD272C9B6F00A35BC7 /* Size.swift in Sources */,
				80FB0ED4272D394700A35BC7 /* ButtonHandTap.swift in Sources */,
				80FB0EDD272D4CA300A35BC7 /* PetalDO.swift in Sources */,
				80F380C3272868CD009954A9 /* HomeView.swift in Sources */,
				80B30CF5272F4C3800D94C4F /* TopPanelColor.swift in Sources */,
				80FB0ECB272BB8A000A35BC7 /* FullPetal.swift in Sources */,
				80FB0ED8272D426E00A35BC7 /* ButtonPanel.swift in Sources */,
				80F380C1272868CD009954A9 /* CircleMenuApp.swift in Sources */,
				80FB0EC4272B88B800A35BC7 /* PetalBackground.swift in Sources */,
				80FB0ED6272D418100A35BC7 /* PetalOO.swift in Sources */,
				80B30CF9272F4CE000D94C4F /* BottomPanelColor.swift in Sources */,
			);
			runOnlyForDeploymentPostprocessing = 0;
		};
/* End PBXSourcesBuildPhase section */

/* Begin XCBuildConfiguration section */
		80F380C9272868D0009954A9 /* Debug */ = {
			isa = XCBuildConfiguration;
			buildSettings = {
				ALWAYS_SEARCH_USER_PATHS = NO;
				CLANG_ANALYZER_NONNULL = YES;
				CLANG_ANALYZER_NUMBER_OBJECT_CONVERSION = YES_AGGRESSIVE;
				CLANG_CXX_LANGUAGE_STANDARD = "gnu++17";
				CLANG_CXX_LIBRARY = "libc++";
				CLANG_ENABLE_MODULES = YES;
				CLANG_ENABLE_OBJC_ARC = YES;
				CLANG_ENABLE_OBJC_WEAK = YES;
				CLANG_WARN_BLOCK_CAPTURE_AUTORELEASING = YES;
				CLANG_WARN_BOOL_CONVERSION = YES;
				CLANG_WARN_COMMA = YES;
				CLANG_WARN_CONSTANT_CONVERSION = YES;
				CLANG_WARN_DEPRECATED_OBJC_IMPLEMENTATIONS = YES;
				CLANG_WARN_DIRECT_OBJC_ISA_USAGE = YES_ERROR;
				CLANG_WARN_DOCUMENTATION_COMMENTS = YES;
				CLANG_WARN_EMPTY_BODY = YES;
				CLANG_WARN_ENUM_CONVERSION = YES;
				CLANG_WARN_INFINITE_RECURSION = YES;
				CLANG_WARN_INT_CONVERSION = YES;
				CLANG_WARN_NON_LITERAL_NULL_CONVERSION = YES;
				CLANG_WARN_OBJC_IMPLICIT_RETAIN_SELF = YES;
				CLANG_WARN_OBJC_LITERAL_CONVERSION = YES;
				CLANG_WARN_OBJC_ROOT_CLASS = YES_ERROR;
				CLANG_WARN_QUOTED_INCLUDE_IN_FRAMEWORK_HEADER = YES;
				CLANG_WARN_RANGE_LOOP_ANALYSIS = YES;
				CLANG_WARN_STRICT_PROTOTYPES = YES;
				CLANG_WARN_SUSPICIOUS_MOVE = YES;
				CLANG_WARN_UNGUARDED_AVAILABILITY = YES_AGGRESSIVE;
				CLANG_WARN_UNREACHABLE_CODE = YES;
				CLANG_WARN__DUPLICATE_METHOD_MATCH = YES;
				COPY_PHASE_STRIP = NO;
				DEBUG_INFORMATION_FORMAT = dwarf;
				ENABLE_STRICT_OBJC_MSGSEND = YES;
				ENABLE_TESTABILITY = YES;
				GCC_C_LANGUAGE_STANDARD = gnu11;
				GCC_DYNAMIC_NO_PIC = NO;
				GCC_NO_COMMON_BLOCKS = YES;
				GCC_OPTIMIZATION_LEVEL = 0;
				GCC_PREPROCESSOR_DEFINITIONS = (
					"DEBUG=1",
					"$(inherited)",
				);
				GCC_WARN_64_TO_32_BIT_CONVERSION = YES;
				GCC_WARN_ABOUT_RETURN_TYPE = YES_ERROR;
				GCC_WARN_UNDECLARED_SELECTOR = YES;
				GCC_WARN_UNINITIALIZED_AUTOS = YES_AGGRESSIVE;
				GCC_WARN_UNUSED_FUNCTION = YES;
				GCC_WARN_UNUSED_VARIABLE = YES;
				IPHONEOS_DEPLOYMENT_TARGET = 15.0;
				MTL_ENABLE_DEBUG_INFO = INCLUDE_SOURCE;
				MTL_FAST_MATH = YES;
				ONLY_ACTIVE_ARCH = YES;
				SDKROOT = iphoneos;
				SWIFT_ACTIVE_COMPILATION_CONDITIONS = DEBUG;
				SWIFT_OPTIMIZATION_LEVEL = "-Onone";
			};
			name = Debug;
		};
		80F380CA272868D0009954A9 /* Release */ = {
			isa = XCBuildConfiguration;
			buildSettings = {
				ALWAYS_SEARCH_USER_PATHS = NO;
				CLANG_ANALYZER_NONNULL = YES;
				CLANG_ANALYZER_NUMBER_OBJECT_CONVERSION = YES_AGGRESSIVE;
				CLANG_CXX_LANGUAGE_STANDARD = "gnu++17";
				CLANG_CXX_LIBRARY = "libc++";
				CLANG_ENABLE_MODULES = YES;
				CLANG_ENABLE_OBJC_ARC = YES;
				CLANG_ENABLE_OBJC_WEAK = YES;
				CLANG_WARN_BLOCK_CAPTURE_AUTORELEASING = YES;
				CLANG_WARN_BOOL_CONVERSION = YES;
				CLANG_WARN_COMMA = YES;
				CLANG_WARN_CONSTANT_CONVERSION = YES;
				CLANG_WARN_DEPRECATED_OBJC_IMPLEMENTATIONS = YES;
				CLANG_WARN_DIRECT_OBJC_ISA_USAGE = YES_ERROR;
				CLANG_WARN_DOCUMENTATION_COMMENTS = YES;
				CLANG_WARN_EMPTY_BODY = YES;
				CLANG_WARN_ENUM_CONVERSION = YES;
				CLANG_WARN_INFINITE_RECURSION = YES;
				CLANG_WARN_INT_CONVERSION = YES;
				CLANG_WARN_NON_LITERAL_NULL_CONVERSION = YES;
				CLANG_WARN_OBJC_IMPLICIT_RETAIN_SELF = YES;
				CLANG_WARN_OBJC_LITERAL_CONVERSION = YES;
				CLANG_WARN_OBJC_ROOT_CLASS = YES_ERROR;
				CLANG_WARN_QUOTED_INCLUDE_IN_FRAMEWORK_HEADER = YES;
				CLANG_WARN_RANGE_LOOP_ANALYSIS = YES;
				CLANG_WARN_STRICT_PROTOTYPES = YES;
				CLANG_WARN_SUSPICIOUS_MOVE = YES;
				CLANG_WARN_UNGUARDED_AVAILABILITY = YES_AGGRESSIVE;
				CLANG_WARN_UNREACHABLE_CODE = YES;
				CLANG_WARN__DUPLICATE_METHOD_MATCH = YES;
				COPY_PHASE_STRIP = NO;
				DEBUG_INFORMATION_FORMAT = "dwarf-with-dsym";
				ENABLE_NS_ASSERTIONS = NO;
				ENABLE_STRICT_OBJC_MSGSEND = YES;
				GCC_C_LANGUAGE_STANDARD = gnu11;
				GCC_NO_COMMON_BLOCKS = YES;
				GCC_WARN_64_TO_32_BIT_CONVERSION = YES;
				GCC_WARN_ABOUT_RETURN_TYPE = YES_ERROR;
				GCC_WARN_UNDECLARED_SELECTOR = YES;
				GCC_WARN_UNINITIALIZED_AUTOS = YES_AGGRESSIVE;
				GCC_WARN_UNUSED_FUNCTION = YES;
				GCC_WARN_UNUSED_VARIABLE = YES;
				IPHONEOS_DEPLOYMENT_TARGET = 15.0;
				MTL_ENABLE_DEBUG_INFO = NO;
				MTL_FAST_MATH = YES;
				SDKROOT = iphoneos;
				SWIFT_COMPILATION_MODE = wholemodule;
				SWIFT_OPTIMIZATION_LEVEL = "-O";
				VALIDATE_PRODUCT = YES;
			};
			name = Release;
		};
		80F380CC272868D0009954A9 /* Debug */ = {
			isa = XCBuildConfiguration;
			buildSettings = {
				ASSETCATALOG_COMPILER_APPICON_NAME = AppIcon;
				ASSETCATALOG_COMPILER_GLOBAL_ACCENT_COLOR_NAME = AccentColor;
				CODE_SIGN_STYLE = Automatic;
				CURRENT_PROJECT_VERSION = 1;
				DEVELOPMENT_ASSET_PATHS = "\"CircleMenu/Preview Content\"";
				DEVELOPMENT_TEAM = 879U287R5Q;
				ENABLE_PREVIEWS = YES;
				GENERATE_INFOPLIST_FILE = YES;
				INFOPLIST_KEY_UIApplicationSceneManifest_Generation = YES;
				INFOPLIST_KEY_UIApplicationSupportsIndirectInputEvents = YES;
				INFOPLIST_KEY_UILaunchScreen_Generation = YES;
				INFOPLIST_KEY_UISupportedInterfaceOrientations_iPad = "UIInterfaceOrientationPortrait UIInterfaceOrientationPortraitUpsideDown UIInterfaceOrientationLandscapeLeft UIInterfaceOrientationLandscapeRight";
				INFOPLIST_KEY_UISupportedInterfaceOrientations_iPhone = "UIInterfaceOrientationPortrait UIInterfaceOrientationLandscapeLeft UIInterfaceOrientationLandscapeRight";
				LD_RUNPATH_SEARCH_PATHS = (
					"$(inherited)",
					"@executable_path/Frameworks",
				);
				MARKETING_VERSION = 1.0;
				PRODUCT_BUNDLE_IDENTIFIER = ihValery.CircleMenu;
				PRODUCT_NAME = "$(TARGET_NAME)";
				SWIFT_EMIT_LOC_STRINGS = YES;
				SWIFT_VERSION = 5.0;
				TARGETED_DEVICE_FAMILY = "1,2";
			};
			name = Debug;
		};
		80F380CD272868D0009954A9 /* Release */ = {
			isa = XCBuildConfiguration;
			buildSettings = {
				ASSETCATALOG_COMPILER_APPICON_NAME = AppIcon;
				ASSETCATALOG_COMPILER_GLOBAL_ACCENT_COLOR_NAME = AccentColor;
				CODE_SIGN_STYLE = Automatic;
				CURRENT_PROJECT_VERSION = 1;
				DEVELOPMENT_ASSET_PATHS = "\"CircleMenu/Preview Content\"";
				DEVELOPMENT_TEAM = 879U287R5Q;
				ENABLE_PREVIEWS = YES;
				GENERATE_INFOPLIST_FILE = YES;
				INFOPLIST_KEY_UIApplicationSceneManifest_Generation = YES;
				INFOPLIST_KEY_UIApplicationSupportsIndirectInputEvents = YES;
				INFOPLIST_KEY_UILaunchScreen_Generation = YES;
				INFOPLIST_KEY_UISupportedInterfaceOrientations_iPad = "UIInterfaceOrientationPortrait UIInterfaceOrientationPortraitUpsideDown UIInterfaceOrientationLandscapeLeft UIInterfaceOrientationLandscapeRight";
				INFOPLIST_KEY_UISupportedInterfaceOrientations_iPhone = "UIInterfaceOrientationPortrait UIInterfaceOrientationLandscapeLeft UIInterfaceOrientationLandscapeRight";
				LD_RUNPATH_SEARCH_PATHS = (
					"$(inherited)",
					"@executable_path/Frameworks",
				);
				MARKETING_VERSION = 1.0;
				PRODUCT_BUNDLE_IDENTIFIER = ihValery.CircleMenu;
				PRODUCT_NAME = "$(TARGET_NAME)";
				SWIFT_EMIT_LOC_STRINGS = YES;
				SWIFT_VERSION = 5.0;
				TARGETED_DEVICE_FAMILY = "1,2";
			};
			name = Release;
		};
/* End XCBuildConfiguration section */

/* Begin XCConfigurationList section */
		80F380B8272868CD009954A9 /* Build configuration list for PBXProject "CircleMenu" */ = {
			isa = XCConfigurationList;
			buildConfigurations = (
				80F380C9272868D0009954A9 /* Debug */,
				80F380CA272868D0009954A9 /* Release */,
			);
			defaultConfigurationIsVisible = 0;
			defaultConfigurationName = Release;
		};
		80F380CB272868D0009954A9 /* Build configuration list for PBXNativeTarget "CircleMenu" */ = {
			isa = XCConfigurationList;
			buildConfigurations = (
				80F380CC272868D0009954A9 /* Debug */,
				80F380CD272868D0009954A9 /* Release */,
			);
			defaultConfigurationIsVisible = 0;
			defaultConfigurationName = Release;
		};
/* End XCConfigurationList section */
	};
	rootObject = 80F380B5272868CD009954A9 /* Project object */;
}
